
Microsoft Visual Studio Solution File, Format Version 12.00
# Visual Studio Version 17
VisualStudioVersion = 17.0.31912.275
MinimumVisualStudioVersion = 10.0.40219.1
Project("{FAE04EC0-301F-11D3-BF4B-00C04F79EFBC}") = "ExercicioReservandoQuartos", "ExercicioReservandoQuartos\ExercicioReservandoQuartos.csproj", "{46374F3A-BCB4-43CA-9CA7-48632093E8F9}"
EndProject
Global
	GlobalSection(SolutionConfigurationPlatforms) = preSolution
		Debug|Any CPU = Debug|Any CPU
		Release|Any CPU = Release|Any CPU
	EndGlobalSection
	GlobalSection(ProjectConfigurationPlatforms) = postSolution
		{46374F3A-BCB4-43CA-9CA7-48632093E8F9}.Debug|Any CPU.ActiveCfg = Debug|Any CPU
		{46374F3A-BCB4-43CA-9CA7-48632093E8F9}.Debug|Any CPU.Build.0 = Debug|Any CPU
		{46374F3A-BCB4-43CA-9CA7-48632093E8F9}.Release|Any CPU.ActiveCfg = Release|Any CPU
		{46374F3A-BCB4-43CA-9CA7-48632093E8F9}.Release|Any CPU.Build.0 = Release|Any CPU
	EndGlobalSection
	GlobalSection(SolutionProperties) = preSolution
		HideSolutionNode = FALSE
	EndGlobalSection
	GlobalSection(ExtensibilityGlobals) = postSolution
		SolutionGuid = {FA49A716-75D8-4013-8340-C7416A9AC237}
	EndGlobalSection
EndGlobal
